// !$*UTF8*$!
{
	archiveVersion = 1;
	classes = {
	};
	objectVersion = 50;
	objects = {

/* Begin PBXBuildFile section */
		FA995BE324D2BA9600445381 /* AppDelegate.swift in Sources */ = {isa = PBXBuildFile; fileRef = FA995BE224D2BA9600445381 /* AppDelegate.swift */; };
		FA995BE524D2BA9600445381 /* SceneDelegate.swift in Sources */ = {isa = PBXBuildFile; fileRef = FA995BE424D2BA9600445381 /* SceneDelegate.swift */; };
		FA995BE724D2BA9600445381 /* ContentView.swift in Sources */ = {isa = PBXBuildFile; fileRef = FA995BE624D2BA9600445381 /* ContentView.swift */; };
		FA995BE924D2BA9900445381 /* Assets.xcassets in Resources */ = {isa = PBXBuildFile; fileRef = FA995BE824D2BA9900445381 /* Assets.xcassets */; };
		FA995BEC24D2BA9900445381 /* Preview Assets.xcassets in Resources */ = {isa = PBXBuildFile; fileRef = FA995BEB24D2BA9900445381 /* Preview Assets.xcassets */; };
		FA995BEF24D2BA9900445381 /* LaunchScreen.storyboard in Resources */ = {isa = PBXBuildFile; fileRef = FA995BED24D2BA9900445381 /* LaunchScreen.storyboard */; };
		FA995BFA24D2BA9900445381 /* CounterTests.swift in Sources */ = {isa = PBXBuildFile; fileRef = FA995BF924D2BA9900445381 /* CounterTests.swift */; };
		FA995C0524D2BA9900445381 /* CounterUITests.swift in Sources */ = {isa = PBXBuildFile; fileRef = FA995C0424D2BA9900445381 /* CounterUITests.swift */; };
/* End PBXBuildFile section */

/* Begin PBXContainerItemProxy section */
		FA995BF624D2BA9900445381 /* PBXContainerItemProxy */ = {
			isa = PBXContainerItemProxy;
			containerPortal = FA995BD724D2BA9600445381 /* Project object */;
			proxyType = 1;
			remoteGlobalIDString = FA995BDE24D2BA9600445381;
			remoteInfo = Counter;
		};
		FA995C0124D2BA9900445381 /* PBXContainerItemProxy */ = {
			isa = PBXContainerItemProxy;
			containerPortal = FA995BD724D2BA9600445381 /* Project object */;
			proxyType = 1;
			remoteGlobalIDString = FA995BDE24D2BA9600445381;
			remoteInfo = Counter;
		};
/* End PBXContainerItemProxy section */

/* Begin PBXFileReference section */
		FA995BDF24D2BA9600445381 /* Counter.app */ = {isa = PBXFileReference; explicitFileType = wrapper.application; includeInIndex = 0; path = Counter.app; sourceTree = BUILT_PRODUCTS_DIR; };
		FA995BE224D2BA9600445381 /* AppDelegate.swift */ = {isa = PBXFileReference; lastKnownFileType = sourcecode.swift; path = AppDelegate.swift; sourceTree = "<group>"; };
		FA995BE424D2BA9600445381 /* SceneDelegate.swift */ = {isa = PBXFileReference; lastKnownFileType = sourcecode.swift; path = SceneDelegate.swift; sourceTree = "<group>"; };
		FA995BE624D2BA9600445381 /* ContentView.swift */ = {isa = PBXFileReference; lastKnownFileType = sourcecode.swift; path = ContentView.swift; sourceTree = "<group>"; };
		FA995BE824D2BA9900445381 /* Assets.xcassets */ = {isa = PBXFileReference; lastKnownFileType = folder.assetcatalog; path = Assets.xcassets; sourceTree = "<group>"; };
		FA995BEB24D2BA9900445381 /* Preview Assets.xcassets */ = {isa = PBXFileReference; lastKnownFileType = folder.assetcatalog; path = "Preview Assets.xcassets"; sourceTree = "<group>"; };
		FA995BEE24D2BA9900445381 /* Base */ = {isa = PBXFileReference; lastKnownFileType = file.storyboard; name = Base; path = Base.lproj/LaunchScreen.storyboard; sourceTree = "<group>"; };
		FA995BF024D2BA9900445381 /* Info.plist */ = {isa = PBXFileReference; lastKnownFileType = text.plist.xml; path = Info.plist; sourceTree = "<group>"; };
		FA995BF524D2BA9900445381 /* CounterTests.xctest */ = {isa = PBXFileReference; explicitFileType = wrapper.cfbundle; includeInIndex = 0; path = CounterTests.xctest; sourceTree = BUILT_PRODUCTS_DIR; };
		FA995BF924D2BA9900445381 /* CounterTests.swift */ = {isa = PBXFileReference; lastKnownFileType = sourcecode.swift; path = CounterTests.swift; sourceTree = "<group>"; };
		FA995BFB24D2BA9900445381 /* Info.plist */ = {isa = PBXFileReference; lastKnownFileType = text.plist.xml; path = Info.plist; sourceTree = "<group>"; };
		FA995C0024D2BA9900445381 /* CounterUITests.xctest */ = {isa = PBXFileReference; explicitFileType = wrapper.cfbundle; includeInIndex = 0; path = CounterUITests.xctest; sourceTree = BUILT_PRODUCTS_DIR; };
		FA995C0424D2BA9900445381 /* CounterUITests.swift */ = {isa = PBXFileReference; lastKnownFileType = sourcecode.swift; path = CounterUITests.swift; sourceTree = "<group>"; };
		FA995C0624D2BA9900445381 /* Info.plist */ = {isa = PBXFileReference; lastKnownFileType = text.plist.xml; path = Info.plist; sourceTree = "<group>"; };
/* End PBXFileReference section */

/* Begin PBXFrameworksBuildPhase section */
		FA995BDC24D2BA9600445381 /* Frameworks */ = {
			isa = PBXFrameworksBuildPhase;
			buildActionMask = 2147483647;
			files = (
			);
			runOnlyForDeploymentPostprocessing = 0;
		};
		FA995BF224D2BA9900445381 /* Frameworks */ = {
			isa = PBXFrameworksBuildPhase;
			buildActionMask = 2147483647;
			files = (
			);
			runOnlyForDeploymentPostprocessing = 0;
		};
		FA995BFD24D2BA9900445381 /* Frameworks */ = {
			isa = PBXFrameworksBuildPhase;
			buildActionMask = 2147483647;
			files = (
			);
			runOnlyForDeploymentPostprocessing = 0;
		};
/* End PBXFrameworksBuildPhase section */

/* Begin PBXGroup section */
		FA995BD624D2BA9600445381 = {
			isa = PBXGroup;
			children = (
				FA995BE124D2BA9600445381 /* Counter */,
				FA995BF824D2BA9900445381 /* CounterTests */,
				FA995C0324D2BA9900445381 /* CounterUITests */,
				FA995BE024D2BA9600445381 /* Products */,
			);
			sourceTree = "<group>";
		};
		FA995BE024D2BA9600445381 /* Products */ = {
			isa = PBXGroup;
			children = (
				FA995BDF24D2BA9600445381 /* Counter.app */,
				FA995BF524D2BA9900445381 /* CounterTests.xctest */,
				FA995C0024D2BA9900445381 /* CounterUITests.xctest */,
			);
			name = Products;
			sourceTree = "<group>";
		};
		FA995BE124D2BA9600445381 /* Counter */ = {
			isa = PBXGroup;
			children = (
				FA995BE224D2BA9600445381 /* AppDelegate.swift */,
				FA995BE424D2BA9600445381 /* SceneDelegate.swift */,
				FA995BE624D2BA9600445381 /* ContentView.swift */,
				FA995BE824D2BA9900445381 /* Assets.xcassets */,
				FA995BED24D2BA9900445381 /* LaunchScreen.storyboard */,
				FA995BF024D2BA9900445381 /* Info.plist */,
				FA995BEA24D2BA9900445381 /* Preview Content */,
			);
			path = Counter;
			sourceTree = "<group>";
		};
		FA995BEA24D2BA9900445381 /* Preview Content */ = {
			isa = PBXGroup;
			children = (
				FA995BEB24D2BA9900445381 /* Preview Assets.xcassets */,
			);
			path = "Preview Content";
			sourceTree = "<group>";
		};
		FA995BF824D2BA9900445381 /* CounterTests */ = {
			isa = PBXGroup;
			children = (
				FA995BF924D2BA9900445381 /* CounterTests.swift */,
				FA995BFB24D2BA9900445381 /* Info.plist */,
			);
			path = CounterTests;
			sourceTree = "<group>";
		};
		FA995C0324D2BA9900445381 /* CounterUITests */ = {
			isa = PBXGroup;
			children = (
				FA995C0424D2BA9900445381 /* CounterUITests.swift */,
				FA995C0624D2BA9900445381 /* Info.plist */,
			);
			path = CounterUITests;
			sourceTree = "<group>";
		};
/* End PBXGroup section */

/* Begin PBXNativeTarget section */
		FA995BDE24D2BA9600445381 /* Counter */ = {
			isa = PBXNativeTarget;
			buildConfigurationList = FA995C0924D2BA9900445381 /* Build configuration list for PBXNativeTarget "Counter" */;
			buildPhases = (
				FA995BDB24D2BA9600445381 /* Sources */,
				FA995BDC24D2BA9600445381 /* Frameworks */,
				FA995BDD24D2BA9600445381 /* Resources */,
			);
			buildRules = (
			);
			dependencies = (
			);
			name = Counter;
			productName = Counter;
			productReference = FA995BDF24D2BA9600445381 /* Counter.app */;
			productType = "com.apple.product-type.application";
		};
		FA995BF424D2BA9900445381 /* CounterTests */ = {
			isa = PBXNativeTarget;
			buildConfigurationList = FA995C0C24D2BA9900445381 /* Build configuration list for PBXNativeTarget "CounterTests" */;
			buildPhases = (
				FA995BF124D2BA9900445381 /* Sources */,
				FA995BF224D2BA9900445381 /* Frameworks */,
				FA995BF324D2BA9900445381 /* Resources */,
			);
			buildRules = (
			);
			dependencies = (
				FA995BF724D2BA9900445381 /* PBXTargetDependency */,
			);
			name = CounterTests;
			productName = CounterTests;
			productReference = FA995BF524D2BA9900445381 /* CounterTests.xctest */;
			productType = "com.apple.product-type.bundle.unit-test";
		};
		FA995BFF24D2BA9900445381 /* CounterUITests */ = {
			isa = PBXNativeTarget;
			buildConfigurationList = FA995C0F24D2BA9900445381 /* Build configuration list for PBXNativeTarget "CounterUITests" */;
			buildPhases = (
				FA995BFC24D2BA9900445381 /* Sources */,
				FA995BFD24D2BA9900445381 /* Frameworks */,
				FA995BFE24D2BA9900445381 /* Resources */,
			);
			buildRules = (
			);
			dependencies = (
				FA995C0224D2BA9900445381 /* PBXTargetDependency */,
			);
			name = CounterUITests;
			productName = CounterUITests;
			productReference = FA995C0024D2BA9900445381 /* CounterUITests.xctest */;
			productType = "com.apple.product-type.bundle.ui-testing";
		};
/* End PBXNativeTarget section */

/* Begin PBXProject section */
		FA995BD724D2BA9600445381 /* Project object */ = {
			isa = PBXProject;
			attributes = {
				LastSwiftUpdateCheck = 1160;
				LastUpgradeCheck = 1160;
				ORGANIZATIONNAME = "Alex Mance";
				TargetAttributes = {
					FA995BDE24D2BA9600445381 = {
						CreatedOnToolsVersion = 11.6;
					};
					FA995BF424D2BA9900445381 = {
						CreatedOnToolsVersion = 11.6;
						TestTargetID = FA995BDE24D2BA9600445381;
					};
					FA995BFF24D2BA9900445381 = {
						CreatedOnToolsVersion = 11.6;
						TestTargetID = FA995BDE24D2BA9600445381;
					};
				};
			};
			buildConfigurationList = FA995BDA24D2BA9600445381 /* Build configuration list for PBXProject "Counter" */;
			compatibilityVersion = "Xcode 9.3";
			developmentRegion = en;
			hasScannedForEncodings = 0;
			knownRegions = (
				en,
				Base,
			);
			mainGroup = FA995BD624D2BA9600445381;
			productRefGroup = FA995BE024D2BA9600445381 /* Products */;
			projectDirPath = "";
			projectRoot = "";
			targets = (
				FA995BDE24D2BA9600445381 /* Counter */,
				FA995BF424D2BA9900445381 /* CounterTests */,
				FA995BFF24D2BA9900445381 /* CounterUITests */,
			);
		};
/* End PBXProject section */

/* Begin PBXResourcesBuildPhase section */
		FA995BDD24D2BA9600445381 /* Resources */ = {
			isa = PBXResourcesBuildPhase;
			buildActionMask = 2147483647;
			files = (
				FA995BEF24D2BA9900445381 /* LaunchScreen.storyboard in Resources */,
				FA995BEC24D2BA9900445381 /* Preview Assets.xcassets in Resources */,
				FA995BE924D2BA9900445381 /* Assets.xcassets in Resources */,
			);
			runOnlyForDeploymentPostprocessing = 0;
		};
		FA995BF324D2BA9900445381 /* Resources */ = {
			isa = PBXResourcesBuildPhase;
			buildActionMask = 2147483647;
			files = (
			);
			runOnlyForDeploymentPostprocessing = 0;
		};
		FA995BFE24D2BA9900445381 /* Resources */ = {
			isa = PBXResourcesBuildPhase;
			buildActionMask = 2147483647;
			files = (
			);
			runOnlyForDeploymentPostprocessing = 0;
		};
/* End PBXResourcesBuildPhase section */

/* Begin PBXSourcesBuildPhase section */
		FA995BDB24D2BA9600445381 /* Sources */ = {
			isa = PBXSourcesBuildPhase;
			buildActionMask = 2147483647;
			files = (
				FA995BE324D2BA9600445381 /* AppDelegate.swift in Sources */,
				FA995BE524D2BA9600445381 /* SceneDelegate.swift in Sources */,
				FA995BE724D2BA9600445381 /* ContentView.swift in Sources */,
			);
			runOnlyForDeploymentPostprocessing = 0;
		};
		FA995BF124D2BA9900445381 /* Sources */ = {
			isa = PBXSourcesBuildPhase;
			buildActionMask = 2147483647;
			files = (
				FA995BFA24D2BA9900445381 /* CounterTests.swift in Sources */,
			);
			runOnlyForDeploymentPostprocessing = 0;
		};
		FA995BFC24D2BA9900445381 /* Sources */ = {
			isa = PBXSourcesBuildPhase;
			buildActionMask = 2147483647;
			files = (
				FA995C0524D2BA9900445381 /* CounterUITests.swift in Sources */,
			);
			runOnlyForDeploymentPostprocessing = 0;
		};
/* End PBXSourcesBuildPhase section */

/* Begin PBXTargetDependency section */
		FA995BF724D2BA9900445381 /* PBXTargetDependency */ = {
			isa = PBXTargetDependency;
			target = FA995BDE24D2BA9600445381 /* Counter */;
			targetProxy = FA995BF624D2BA9900445381 /* PBXContainerItemProxy */;
		};
		FA995C0224D2BA9900445381 /* PBXTargetDependency */ = {
			isa = PBXTargetDependency;
			target = FA995BDE24D2BA9600445381 /* Counter */;
			targetProxy = FA995C0124D2BA9900445381 /* PBXContainerItemProxy */;
		};
/* End PBXTargetDependency section */

/* Begin PBXVariantGroup section */
		FA995BED24D2BA9900445381 /* LaunchScreen.storyboard */ = {
			isa = PBXVariantGroup;
			children = (
				FA995BEE24D2BA9900445381 /* Base */,
			);
			name = LaunchScreen.storyboard;
			sourceTree = "<group>";
		};
/* End PBXVariantGroup section */

/* Begin XCBuildConfiguration section */
		FA995C0724D2BA9900445381 /* Debug */ = {
			isa = XCBuildConfiguration;
			buildSettings = {
				ALWAYS_SEARCH_USER_PATHS = NO;
				CLANG_ANALYZER_NONNULL = YES;
				CLANG_ANALYZER_NUMBER_OBJECT_CONVERSION = YES_AGGRESSIVE;
				CLANG_CXX_LANGUAGE_STANDARD = "gnu++14";
				CLANG_CXX_LIBRARY = "libc++";
				CLANG_ENABLE_MODULES = YES;
				CLANG_ENABLE_OBJC_ARC = YES;
				CLANG_ENABLE_OBJC_WEAK = YES;
				CLANG_WARN_BLOCK_CAPTURE_AUTORELEASING = YES;
				CLANG_WARN_BOOL_CONVERSION = YES;
				CLANG_WARN_COMMA = YES;
				CLANG_WARN_CONSTANT_CONVERSION = YES;
				CLANG_WARN_DEPRECATED_OBJC_IMPLEMENTATIONS = YES;
				CLANG_WARN_DIRECT_OBJC_ISA_USAGE = YES_ERROR;
				CLANG_WARN_DOCUMENTATION_COMMENTS = YES;
				CLANG_WARN_EMPTY_BODY = YES;
				CLANG_WARN_ENUM_CONVERSION = YES;
				CLANG_WARN_INFINITE_RECURSION = YES;
				CLANG_WARN_INT_CONVERSION = YES;
				CLANG_WARN_NON_LITERAL_NULL_CONVERSION = YES;
				CLANG_WARN_OBJC_IMPLICIT_RETAIN_SELF = YES;
				CLANG_WARN_OBJC_LITERAL_CONVERSION = YES;
				CLANG_WARN_OBJC_ROOT_CLASS = YES_ERROR;
				CLANG_WARN_RANGE_LOOP_ANALYSIS = YES;
				CLANG_WARN_STRICT_PROTOTYPES = YES;
				CLANG_WARN_SUSPICIOUS_MOVE = YES;
				CLANG_WARN_UNGUARDED_AVAILABILITY = YES_AGGRESSIVE;
				CLANG_WARN_UNREACHABLE_CODE = YES;
				CLANG_WARN__DUPLICATE_METHOD_MATCH = YES;
				COPY_PHASE_STRIP = NO;
				DEBUG_INFORMATION_FORMAT = dwarf;
				ENABLE_STRICT_OBJC_MSGSEND = YES;
				ENABLE_TESTABILITY = YES;
				GCC_C_LANGUAGE_STANDARD = gnu11;
				GCC_DYNAMIC_NO_PIC = NO;
				GCC_NO_COMMON_BLOCKS = YES;
				GCC_OPTIMIZATION_LEVEL = 0;
				GCC_PREPROCESSOR_DEFINITIONS = (
					"DEBUG=1",
					"$(inherited)",
				);
				GCC_WARN_64_TO_32_BIT_CONVERSION = YES;
				GCC_WARN_ABOUT_RETURN_TYPE = YES_ERROR;
				GCC_WARN_UNDECLARED_SELECTOR = YES;
				GCC_WARN_UNINITIALIZED_AUTOS = YES_AGGRESSIVE;
				GCC_WARN_UNUSED_FUNCTION = YES;
				GCC_WARN_UNUSED_VARIABLE = YES;
				IPHONEOS_DEPLOYMENT_TARGET = 13.6;
				MTL_ENABLE_DEBUG_INFO = INCLUDE_SOURCE;
				MTL_FAST_MATH = YES;
				ONLY_ACTIVE_ARCH = YES;
				SDKROOT = iphoneos;
				SWIFT_ACTIVE_COMPILATION_CONDITIONS = DEBUG;
				SWIFT_OPTIMIZATION_LEVEL = "-Onone";
			};
			name = Debug;
		};
		FA995C0824D2BA9900445381 /* Release */ = {
			isa = XCBuildConfiguration;
			buildSettings = {
				ALWAYS_SEARCH_USER_PATHS = NO;
				CLANG_ANALYZER_NONNULL = YES;
				CLANG_ANALYZER_NUMBER_OBJECT_CONVERSION = YES_AGGRESSIVE;
				CLANG_CXX_LANGUAGE_STANDARD = "gnu++14";
				CLANG_CXX_LIBRARY = "libc++";
				CLANG_ENABLE_MODULES = YES;
				CLANG_ENABLE_OBJC_ARC = YES;
				CLANG_ENABLE_OBJC_WEAK = YES;
				CLANG_WARN_BLOCK_CAPTURE_AUTORELEASING = YES;
				CLANG_WARN_BOOL_CONVERSION = YES;
				CLANG_WARN_COMMA = YES;
				CLANG_WARN_CONSTANT_CONVERSION = YES;
				CLANG_WARN_DEPRECATED_OBJC_IMPLEMENTATIONS = YES;
				CLANG_WARN_DIRECT_OBJC_ISA_USAGE = YES_ERROR;
				CLANG_WARN_DOCUMENTATION_COMMENTS = YES;
				CLANG_WARN_EMPTY_BODY = YES;
				CLANG_WARN_ENUM_CONVERSION = YES;
				CLANG_WARN_INFINITE_RECURSION = YES;
				CLANG_WARN_INT_CONVERSION = YES;
				CLANG_WARN_NON_LITERAL_NULL_CONVERSION = YES;
				CLANG_WARN_OBJC_IMPLICIT_RETAIN_SELF = YES;
				CLANG_WARN_OBJC_LITERAL_CONVERSION = YES;
				CLANG_WARN_OBJC_ROOT_CLASS = YES_ERROR;
				CLANG_WARN_RANGE_LOOP_ANALYSIS = YES;
				CLANG_WARN_STRICT_PROTOTYPES = YES;
				CLANG_WARN_SUSPICIOUS_MOVE = YES;
				CLANG_WARN_UNGUARDED_AVAILABILITY = YES_AGGRESSIVE;
				CLANG_WARN_UNREACHABLE_CODE = YES;
				CLANG_WARN__DUPLICATE_METHOD_MATCH = YES;
				COPY_PHASE_STRIP = NO;
				DEBUG_INFORMATION_FORMAT = "dwarf-with-dsym";
				ENABLE_NS_ASSERTIONS = NO;
				ENABLE_STRICT_OBJC_MSGSEND = YES;
				GCC_C_LANGUAGE_STANDARD = gnu11;
				GCC_NO_COMMON_BLOCKS = YES;
				GCC_WARN_64_TO_32_BIT_CONVERSION = YES;
				GCC_WARN_ABOUT_RETURN_TYPE = YES_ERROR;
				GCC_WARN_UNDECLARED_SELECTOR = YES;
				GCC_WARN_UNINITIALIZED_AUTOS = YES_AGGRESSIVE;
				GCC_WARN_UNUSED_FUNCTION = YES;
				GCC_WARN_UNUSED_VARIABLE = YES;
				IPHONEOS_DEPLOYMENT_TARGET = 13.6;
				MTL_ENABLE_DEBUG_INFO = NO;
				MTL_FAST_MATH = YES;
				SDKROOT = iphoneos;
				SWIFT_COMPILATION_MODE = wholemodule;
				SWIFT_OPTIMIZATION_LEVEL = "-O";
				VALIDATE_PRODUCT = YES;
			};
			name = Release;
		};
		FA995C0A24D2BA9900445381 /* Debug */ = {
			isa = XCBuildConfiguration;
			buildSettings = {
				ASSETCATALOG_COMPILER_APPICON_NAME = AppIcon;
				CODE_SIGN_STYLE = Automatic;
				DEVELOPMENT_ASSET_PATHS = "\"Counter/Preview Content\"";
				ENABLE_PREVIEWS = YES;
				INFOPLIST_FILE = Counter/Info.plist;
				LD_RUNPATH_SEARCH_PATHS = (
					"$(inherited)",
					"@executable_path/Frameworks",
				);
				PRODUCT_BUNDLE_IDENTIFIER = Hentamine.Counter;
				PRODUCT_NAME = "$(TARGET_NAME)";
				SWIFT_VERSION = 5.0;
				TARGETED_DEVICE_FAMILY = "1,2";
			};
			name = Debug;
		};
		FA995C0B24D2BA9900445381 /* Release */ = {
			isa = XCBuildConfiguration;
			buildSettings = {
				ASSETCATALOG_COMPILER_APPICON_NAME = AppIcon;
				CODE_SIGN_STYLE = Automatic;
				DEVELOPMENT_ASSET_PATHS = "\"Counter/Preview Content\"";
				ENABLE_PREVIEWS = YES;
				INFOPLIST_FILE = Counter/Info.plist;
				LD_RUNPATH_SEARCH_PATHS = (
					"$(inherited)",
					"@executable_path/Frameworks",
				);
				PRODUCT_BUNDLE_IDENTIFIER = Hentamine.Counter;
				PRODUCT_NAME = "$(TARGET_NAME)";
				SWIFT_VERSION = 5.0;
				TARGETED_DEVICE_FAMILY = "1,2";
			};
			name = Release;
		};
		FA995C0D24D2BA9900445381 /* Debug */ = {
			isa = XCBuildConfiguration;
			buildSettings = {
				ALWAYS_EMBED_SWIFT_STANDARD_LIBRARIES = YES;
				BUNDLE_LOADER = "$(TEST_HOST)";
				CODE_SIGN_STYLE = Automatic;
				INFOPLIST_FILE = CounterTests/Info.plist;
				IPHONEOS_DEPLOYMENT_TARGET = 13.6;
				LD_RUNPATH_SEARCH_PATHS = (
					"$(inherited)",
					"@executable_path/Frameworks",
					"@loader_path/Frameworks",
				);
				PRODUCT_BUNDLE_IDENTIFIER = Hentamine.CounterTests;
				PRODUCT_NAME = "$(TARGET_NAME)";
				SWIFT_VERSION = 5.0;
				TARGETED_DEVICE_FAMILY = "1,2";
				TEST_HOST = "$(BUILT_PRODUCTS_DIR)/Counter.app/Counter";
			};
			name = Debug;
		};
		FA995C0E24D2BA9900445381 /* Release */ = {
			isa = XCBuildConfiguration;
			buildSettings = {
				ALWAYS_EMBED_SWIFT_STANDARD_LIBRARIES = YES;
				BUNDLE_LOADER = "$(TEST_HOST)";
				CODE_SIGN_STYLE = Automatic;
				INFOPLIST_FILE = CounterTests/Info.plist;
				IPHONEOS_DEPLOYMENT_TARGET = 13.6;
				LD_RUNPATH_SEARCH_PATHS = (
					"$(inherited)",
					"@executable_path/Frameworks",
					"@loader_path/Frameworks",
				);
				PRODUCT_BUNDLE_IDENTIFIER = Hentamine.CounterTests;
				PRODUCT_NAME = "$(TARGET_NAME)";
				SWIFT_VERSION = 5.0;
				TARGETED_DEVICE_FAMILY = "1,2";
				TEST_HOST = "$(BUILT_PRODUCTS_DIR)/Counter.app/Counter";
			};
			name = Release;
		};
		FA995C1024D2BA9900445381 /* Debug */ = {
			isa = XCBuildConfiguration;
			buildSettings = {
				ALWAYS_EMBED_SWIFT_STANDARD_LIBRARIES = YES;
				CODE_SIGN_STYLE = Automatic;
				INFOPLIST_FILE = CounterUITests/Info.plist;
				LD_RUNPATH_SEARCH_PATHS = (
					"$(inherited)",
					"@executable_path/Frameworks",
					"@loader_path/Frameworks",
				);
				PRODUCT_BUNDLE_IDENTIFIER = Hentamine.CounterUITests;
				PRODUCT_NAME = "$(TARGET_NAME)";
				SWIFT_VERSION = 5.0;
				TARGETED_DEVICE_FAMILY = "1,2";
				TEST_TARGET_NAME = Counter;
			};
			name = Debug;
		};
		FA995C1124D2BA9900445381 /* Release */ = {
			isa = XCBuildConfiguration;
			buildSettings = {
				ALWAYS_EMBED_SWIFT_STANDARD_LIBRARIES = YES;
				CODE_SIGN_STYLE = Automatic;
				INFOPLIST_FILE = CounterUITests/Info.plist;
				LD_RUNPATH_SEARCH_PATHS = (
					"$(inherited)",
					"@executable_path/Frameworks",
					"@loader_path/Frameworks",
				);
				PRODUCT_BUNDLE_IDENTIFIER = Hentamine.CounterUITests;
				PRODUCT_NAME = "$(TARGET_NAME)";
				SWIFT_VERSION = 5.0;
				TARGETED_DEVICE_FAMILY = "1,2";
				TEST_TARGET_NAME = Counter;
			};
			name = Release;
		};
/* End XCBuildConfiguration section */

/* Begin XCConfigurationList section */
		FA995BDA24D2BA9600445381 /* Build configuration list for PBXProject "Counter" */ = {
			isa = XCConfigurationList;
			buildConfigurations = (
				FA995C0724D2BA9900445381 /* Debug */,
				FA995C0824D2BA9900445381 /* Release */,
			);
			defaultConfigurationIsVisible = 0;
			defaultConfigurationName = Release;
		};
		FA995C0924D2BA9900445381 /* Build configuration list for PBXNativeTarget "Counter" */ = {
			isa = XCConfigurationList;
			buildConfigurations = (
				FA995C0A24D2BA9900445381 /* Debug */,
				FA995C0B24D2BA9900445381 /* Release */,
			);
			defaultConfigurationIsVisible = 0;
			defaultConfigurationName = Release;
		};
		FA995C0C24D2BA9900445381 /* Build configuration list for PBXNativeTarget "CounterTests" */ = {
			isa = XCConfigurationList;
			buildConfigurations = (
				FA995C0D24D2BA9900445381 /* Debug */,
				FA995C0E24D2BA9900445381 /* Release */,
			);
			defaultConfigurationIsVisible = 0;
			defaultConfigurationName = Release;
		};
		FA995C0F24D2BA9900445381 /* Build configuration list for PBXNativeTarget "CounterUITests" */ = {
			isa = XCConfigurationList;
			buildConfigurations = (
				FA995C1024D2BA9900445381 /* Debug */,
				FA995C1124D2BA9900445381 /* Release */,
			);
			defaultConfigurationIsVisible = 0;
			defaultConfigurationName = Release;
		};
/* End XCConfigurationList section */
	};
	rootObject = FA995BD724D2BA9600445381 /* Project object */;
}
